
Microsoft Visual Studio Solution File, Format Version 12.00
# Visual Studio Version 17
VisualStudioVersion = 17.4.33110.190
MinimumVisualStudioVersion = 10.0.40219.1
Project("{9A19103F-16F7-4668-BE54-9A1E7A4F7556}") = "t4mvc.core", "t4mvc.core\t4mvc.core.csproj", "{24DD42F0-ED16-446A-BB73-39657F718A49}"
EndProject
Project("{FAE04EC0-301F-11D3-BF4B-00C04F79EFBC}") = "t4mvc.data", "t4mvc.data\t4mvc.data.csproj", "{88FE9A66-4EC8-4880-84F0-A43F0F87AD87}"
EndProject
Global
	GlobalSection(SolutionConfigurationPlatforms) = preSolution
		Debug|Any CPU = Debug|Any CPU
		Release|Any CPU = Release|Any CPU
	EndGlobalSection
	GlobalSection(ProjectConfigurationPlatforms) = postSolution
		{24DD42F0-ED16-446A-BB73-39657F718A49}.Debug|Any CPU.ActiveCfg = Debug|Any CPU
		{24DD42F0-ED16-446A-BB73-39657F718A49}.Debug|Any CPU.Build.0 = Debug|Any CPU
		{24DD42F0-ED16-446A-BB73-39657F718A49}.Release|Any CPU.ActiveCfg = Release|Any CPU
		{24DD42F0-ED16-446A-BB73-39657F718A49}.Release|Any CPU.Build.0 = Release|Any CPU
		{88FE9A66-4EC8-4880-84F0-A43F0F87AD87}.Debug|Any CPU.ActiveCfg = Debug|Any CPU
		{88FE9A66-4EC8-4880-84F0-A43F0F87AD87}.Debug|Any CPU.Build.0 = Debug|Any CPU
		{88FE9A66-4EC8-4880-84F0-A43F0F87AD87}.Release|Any CPU.ActiveCfg = Release|Any CPU
		{88FE9A66-4EC8-4880-84F0-A43F0F87AD87}.Release|Any CPU.Build.0 = Release|Any CPU
	EndGlobalSection
	GlobalSection(SolutionProperties) = preSolution
		HideSolutionNode = FALSE
	EndGlobalSection
	GlobalSection(ExtensibilityGlobals) = postSolution
		SolutionGuid = {2A38500B-446B-490F-9CD7-11774A10818B}
	EndGlobalSection
EndGlobal
